
Microsoft Visual Studio Solution File, Format Version 12.00
# Visual Studio Version 16
VisualStudioVersion = 16.0.30907.101
MinimumVisualStudioVersion = 10.0.40219.1
Project("{FAE04EC0-301F-11D3-BF4B-00C04F79EFBC}") = "CoderBrain", "CoderBrain.csproj", "{7BD5699D-D0A8-4223-857F-403D1BDFC85E}"
EndProject
Global
	GlobalSection(SolutionConfigurationPlatforms) = preSolution
		Debug|Any CPU = Debug|Any CPU
		Release|Any CPU = Release|Any CPU
	EndGlobalSection
	GlobalSection(ProjectConfigurationPlatforms) = postSolution
		{7BD5699D-D0A8-4223-857F-403D1BDFC85E}.Debug|Any CPU.ActiveCfg = Debug|Any CPU
		{7BD5699D-D0A8-4223-857F-403D1BDFC85E}.Debug|Any CPU.Build.0 = Debug|Any CPU
		{7BD5699D-D0A8-4223-857F-403D1BDFC85E}.Release|Any CPU.ActiveCfg = Release|Any CPU
		{7BD5699D-D0A8-4223-857F-403D1BDFC85E}.Release|Any CPU.Build.0 = Release|Any CPU
	EndGlobalSection
	GlobalSection(SolutionProperties) = preSolution
		HideSolutionNode = FALSE
	EndGlobalSection
	GlobalSection(ExtensibilityGlobals) = postSolution
		SolutionGuid = {E3EC3DA0-3761-460C-BF37-E014BB40C4D9}
	EndGlobalSection
EndGlobal
